
Microsoft Visual Studio Solution File, Format Version 12.00
# Visual Studio Version 17
VisualStudioVersion = 17.3.32804.467
MinimumVisualStudioVersion = 10.0.40219.1
Project("{FAE04EC0-301F-11D3-BF4B-00C04F79EFBC}") = "Streams", "Streams\Streams.csproj", "{8D3CBFB2-2B5A-4E00-ACD1-3F893F0BCB22}"
EndProject
Global
	GlobalSection(SolutionConfigurationPlatforms) = preSolution
		Debug|Any CPU = Debug|Any CPU
		Release|Any CPU = Release|Any CPU
	EndGlobalSection
	GlobalSection(ProjectConfigurationPlatforms) = postSolution
		{8D3CBFB2-2B5A-4E00-ACD1-3F893F0BCB22}.Debug|Any CPU.ActiveCfg = Debug|Any CPU
		{8D3CBFB2-2B5A-4E00-ACD1-3F893F0BCB22}.Debug|Any CPU.Build.0 = Debug|Any CPU
		{8D3CBFB2-2B5A-4E00-ACD1-3F893F0BCB22}.Release|Any CPU.ActiveCfg = Release|Any CPU
		{8D3CBFB2-2B5A-4E00-ACD1-3F893F0BCB22}.Release|Any CPU.Build.0 = Release|Any CPU
	EndGlobalSection
	GlobalSection(SolutionProperties) = preSolution
		HideSolutionNode = FALSE
	EndGlobalSection
	GlobalSection(ExtensibilityGlobals) = postSolution
		SolutionGuid = {26DCB62C-FCEA-489D-9E7A-AD6F3A13E87D}
	EndGlobalSection
EndGlobal
